
Microsoft Visual Studio Solution File, Format Version 12.00
# Visual Studio Version 17
VisualStudioVersion = 17.0.32014.148
MinimumVisualStudioVersion = 10.0.40219.1
Project("{FAE04EC0-301F-11D3-BF4B-00C04F79EFBC}") = "Calorie-Meter", "Calorie-Meter\Calorie-Meter.csproj", "{BCB8E00F-E6B9-4AFF-8303-50B43092D527}"
EndProject
Global
	GlobalSection(SolutionConfigurationPlatforms) = preSolution
		Debug|Any CPU = Debug|Any CPU
		Release|Any CPU = Release|Any CPU
	EndGlobalSection
	GlobalSection(ProjectConfigurationPlatforms) = postSolution
		{BCB8E00F-E6B9-4AFF-8303-50B43092D527}.Debug|Any CPU.ActiveCfg = Debug|Any CPU
		{BCB8E00F-E6B9-4AFF-8303-50B43092D527}.Debug|Any CPU.Build.0 = Debug|Any CPU
		{BCB8E00F-E6B9-4AFF-8303-50B43092D527}.Release|Any CPU.ActiveCfg = Release|Any CPU
		{BCB8E00F-E6B9-4AFF-8303-50B43092D527}.Release|Any CPU.Build.0 = Release|Any CPU
	EndGlobalSection
	GlobalSection(SolutionProperties) = preSolution
		HideSolutionNode = FALSE
	EndGlobalSection
	GlobalSection(ExtensibilityGlobals) = postSolution
		SolutionGuid = {1A6E1ED5-BDDA-4297-B3DE-87711EE22B35}
	EndGlobalSection
EndGlobal
